
Microsoft Visual Studio Solution File, Format Version 12.00
# Visual Studio Version 17
VisualStudioVersion = 17.13.35913.81 d17.13
MinimumVisualStudioVersion = 10.0.40219.1
Project("{FAE04EC0-301F-11D3-BF4B-00C04F79EFBC}") = "AdventOfCode2025", "AdventOfCode2025.csproj", "{42342013-D193-4DFA-A2EE-5058AD558D5B}"
EndProject
Global
	GlobalSection(SolutionConfigurationPlatforms) = preSolution
		Debug|Any CPU = Debug|Any CPU
		Release|Any CPU = Release|Any CPU
	EndGlobalSection
	GlobalSection(ProjectConfigurationPlatforms) = postSolution
		{42342013-D193-4DFA-A2EE-5058AD558D5B}.Debug|Any CPU.ActiveCfg = Debug|Any CPU
		{42342013-D193-4DFA-A2EE-5058AD558D5B}.Debug|Any CPU.Build.0 = Debug|Any CPU
		{42342013-D193-4DFA-A2EE-5058AD558D5B}.Release|Any CPU.ActiveCfg = Release|Any CPU
		{42342013-D193-4DFA-A2EE-5058AD558D5B}.Release|Any CPU.Build.0 = Release|Any CPU
	EndGlobalSection
	GlobalSection(SolutionProperties) = preSolution
		HideSolutionNode = FALSE
	EndGlobalSection
	GlobalSection(ExtensibilityGlobals) = postSolution
		SolutionGuid = {39F61DE8-034C-4651-97A5-D91AA69451CC}
	EndGlobalSection
EndGlobal
